
Microsoft Visual Studio Solution File, Format Version 12.00
# Visual Studio Version 17
VisualStudioVersion = 17.11.35208.52
MinimumVisualStudioVersion = 10.0.40219.1
Project("{FAE04EC0-301F-11D3-BF4B-00C04F79EFBC}") = "Tugas Konsep UI", "Tugas Konsep UI\Tugas Konsep UI.csproj", "{B6A1FEFC-1F31-4EE6-BC83-74D0F859C557}"
EndProject
Global
	GlobalSection(SolutionConfigurationPlatforms) = preSolution
		Debug|Any CPU = Debug|Any CPU
		Release|Any CPU = Release|Any CPU
	EndGlobalSection
	GlobalSection(ProjectConfigurationPlatforms) = postSolution
		{B6A1FEFC-1F31-4EE6-BC83-74D0F859C557}.Debug|Any CPU.ActiveCfg = Debug|Any CPU
		{B6A1FEFC-1F31-4EE6-BC83-74D0F859C557}.Debug|Any CPU.Build.0 = Debug|Any CPU
		{B6A1FEFC-1F31-4EE6-BC83-74D0F859C557}.Release|Any CPU.ActiveCfg = Release|Any CPU
		{B6A1FEFC-1F31-4EE6-BC83-74D0F859C557}.Release|Any CPU.Build.0 = Release|Any CPU
	EndGlobalSection
	GlobalSection(SolutionProperties) = preSolution
		HideSolutionNode = FALSE
	EndGlobalSection
	GlobalSection(ExtensibilityGlobals) = postSolution
		SolutionGuid = {F883D81D-7D3D-4DFB-9D59-66D232A80684}
	EndGlobalSection
EndGlobal
